
Microsoft Visual Studio Solution File, Format Version 12.00
# Visual Studio Version 17
VisualStudioVersion = 17.3.32825.248
MinimumVisualStudioVersion = 10.0.40219.1
Project("{FAE04EC0-301F-11D3-BF4B-00C04F79EFBC}") = "Day1", "Day1\Day1.csproj", "{D039B9ED-3EEF-4858-B5A3-6641F57ACDDE}"
EndProject
Project("{FAE04EC0-301F-11D3-BF4B-00C04F79EFBC}") = "Day2", "Day2\Day2.csproj", "{4865DDB7-2E0E-49DE-8317-D08A895AB9D0}"
EndProject
Project("{FAE04EC0-301F-11D3-BF4B-00C04F79EFBC}") = "Day3", "Day3\Day3.csproj", "{AE0AD748-C198-4C23-B0E1-DEAD6B3F07BA}"
EndProject
Global
	GlobalSection(SolutionConfigurationPlatforms) = preSolution
		Debug|Any CPU = Debug|Any CPU
		Release|Any CPU = Release|Any CPU
	EndGlobalSection
	GlobalSection(ProjectConfigurationPlatforms) = postSolution
		{D039B9ED-3EEF-4858-B5A3-6641F57ACDDE}.Debug|Any CPU.ActiveCfg = Debug|Any CPU
		{D039B9ED-3EEF-4858-B5A3-6641F57ACDDE}.Debug|Any CPU.Build.0 = Debug|Any CPU
		{D039B9ED-3EEF-4858-B5A3-6641F57ACDDE}.Release|Any CPU.ActiveCfg = Release|Any CPU
		{D039B9ED-3EEF-4858-B5A3-6641F57ACDDE}.Release|Any CPU.Build.0 = Release|Any CPU
		{4865DDB7-2E0E-49DE-8317-D08A895AB9D0}.Debug|Any CPU.ActiveCfg = Debug|Any CPU
		{4865DDB7-2E0E-49DE-8317-D08A895AB9D0}.Debug|Any CPU.Build.0 = Debug|Any CPU
		{4865DDB7-2E0E-49DE-8317-D08A895AB9D0}.Release|Any CPU.ActiveCfg = Release|Any CPU
		{4865DDB7-2E0E-49DE-8317-D08A895AB9D0}.Release|Any CPU.Build.0 = Release|Any CPU
		{AE0AD748-C198-4C23-B0E1-DEAD6B3F07BA}.Debug|Any CPU.ActiveCfg = Debug|Any CPU
		{AE0AD748-C198-4C23-B0E1-DEAD6B3F07BA}.Debug|Any CPU.Build.0 = Debug|Any CPU
		{AE0AD748-C198-4C23-B0E1-DEAD6B3F07BA}.Release|Any CPU.ActiveCfg = Release|Any CPU
		{AE0AD748-C198-4C23-B0E1-DEAD6B3F07BA}.Release|Any CPU.Build.0 = Release|Any CPU
	EndGlobalSection
	GlobalSection(SolutionProperties) = preSolution
		HideSolutionNode = FALSE
	EndGlobalSection
	GlobalSection(ExtensibilityGlobals) = postSolution
		SolutionGuid = {81570580-C2F1-4ACC-AB74-96F7D7C72383}
	EndGlobalSection
EndGlobal
