
Microsoft Visual Studio Solution File, Format Version 12.00
# Visual Studio 15
VisualStudioVersion = 15.0.28307.1000
MinimumVisualStudioVersion = 10.0.40219.1
Project("{FAE04EC0-301F-11D3-BF4B-00C04F79EFBC}") = "Day1", "Day1\Day1.csproj", "{1AC67A3D-FEAC-4CA2-8E9A-08140689CAA4}"
EndProject
Project("{FAE04EC0-301F-11D3-BF4B-00C04F79EFBC}") = "Day2", "Day2\Day2.csproj", "{521B9246-327D-4AC6-8034-F2E3479D1E62}"
EndProject
Project("{FAE04EC0-301F-11D3-BF4B-00C04F79EFBC}") = "Day3", "Day3\Day3.csproj", "{31E1A72A-3DF6-46C9-B4BA-859D64683AC0}"
EndProject
Project("{FAE04EC0-301F-11D3-BF4B-00C04F79EFBC}") = "Day4", "Day4\Day4.csproj", "{ACEF87E9-865C-4ECA-9A9B-DCFB9D3960B6}"
EndProject
Project("{FAE04EC0-301F-11D3-BF4B-00C04F79EFBC}") = "Day5", "Day5\Day5.csproj", "{6F9B67BF-FC49-43F0-9922-05C76C8896F4}"
EndProject
Global
	GlobalSection(SolutionConfigurationPlatforms) = preSolution
		Debug|Any CPU = Debug|Any CPU
		Release|Any CPU = Release|Any CPU
	EndGlobalSection
	GlobalSection(ProjectConfigurationPlatforms) = postSolution
		{1AC67A3D-FEAC-4CA2-8E9A-08140689CAA4}.Debug|Any CPU.ActiveCfg = Debug|Any CPU
		{1AC67A3D-FEAC-4CA2-8E9A-08140689CAA4}.Debug|Any CPU.Build.0 = Debug|Any CPU
		{1AC67A3D-FEAC-4CA2-8E9A-08140689CAA4}.Release|Any CPU.ActiveCfg = Release|Any CPU
		{1AC67A3D-FEAC-4CA2-8E9A-08140689CAA4}.Release|Any CPU.Build.0 = Release|Any CPU
		{521B9246-327D-4AC6-8034-F2E3479D1E62}.Debug|Any CPU.ActiveCfg = Debug|Any CPU
		{521B9246-327D-4AC6-8034-F2E3479D1E62}.Debug|Any CPU.Build.0 = Debug|Any CPU
		{521B9246-327D-4AC6-8034-F2E3479D1E62}.Release|Any CPU.ActiveCfg = Release|Any CPU
		{521B9246-327D-4AC6-8034-F2E3479D1E62}.Release|Any CPU.Build.0 = Release|Any CPU
		{31E1A72A-3DF6-46C9-B4BA-859D64683AC0}.Debug|Any CPU.ActiveCfg = Debug|Any CPU
		{31E1A72A-3DF6-46C9-B4BA-859D64683AC0}.Debug|Any CPU.Build.0 = Debug|Any CPU
		{31E1A72A-3DF6-46C9-B4BA-859D64683AC0}.Release|Any CPU.ActiveCfg = Release|Any CPU
		{31E1A72A-3DF6-46C9-B4BA-859D64683AC0}.Release|Any CPU.Build.0 = Release|Any CPU
		{ACEF87E9-865C-4ECA-9A9B-DCFB9D3960B6}.Debug|Any CPU.ActiveCfg = Debug|Any CPU
		{ACEF87E9-865C-4ECA-9A9B-DCFB9D3960B6}.Debug|Any CPU.Build.0 = Debug|Any CPU
		{ACEF87E9-865C-4ECA-9A9B-DCFB9D3960B6}.Release|Any CPU.ActiveCfg = Release|Any CPU
		{ACEF87E9-865C-4ECA-9A9B-DCFB9D3960B6}.Release|Any CPU.Build.0 = Release|Any CPU
		{6F9B67BF-FC49-43F0-9922-05C76C8896F4}.Debug|Any CPU.ActiveCfg = Debug|Any CPU
		{6F9B67BF-FC49-43F0-9922-05C76C8896F4}.Debug|Any CPU.Build.0 = Debug|Any CPU
		{6F9B67BF-FC49-43F0-9922-05C76C8896F4}.Release|Any CPU.ActiveCfg = Release|Any CPU
		{6F9B67BF-FC49-43F0-9922-05C76C8896F4}.Release|Any CPU.Build.0 = Release|Any CPU
	EndGlobalSection
	GlobalSection(SolutionProperties) = preSolution
		HideSolutionNode = FALSE
	EndGlobalSection
	GlobalSection(ExtensibilityGlobals) = postSolution
		SolutionGuid = {EAA9C0A8-BC56-4943-985C-3DFB6AD7F90E}
	EndGlobalSection
EndGlobal
